
Microsoft Visual Studio Solution File, Format Version 12.00
# Visual Studio Version 17
VisualStudioVersion = 17.4.33213.308
MinimumVisualStudioVersion = 10.0.40219.1
Project("{FAE04EC0-301F-11D3-BF4B-00C04F79EFBC}") = "YakitTakip", "YakitTakip\YakitTakip.csproj", "{D6C55C32-A379-475E-80B8-277702586F60}"
EndProject
Global
	GlobalSection(SolutionConfigurationPlatforms) = preSolution
		Debug|Any CPU = Debug|Any CPU
		Release|Any CPU = Release|Any CPU
	EndGlobalSection
	GlobalSection(ProjectConfigurationPlatforms) = postSolution
		{D6C55C32-A379-475E-80B8-277702586F60}.Debug|Any CPU.ActiveCfg = Debug|Any CPU
		{D6C55C32-A379-475E-80B8-277702586F60}.Debug|Any CPU.Build.0 = Debug|Any CPU
		{D6C55C32-A379-475E-80B8-277702586F60}.Release|Any CPU.ActiveCfg = Release|Any CPU
		{D6C55C32-A379-475E-80B8-277702586F60}.Release|Any CPU.Build.0 = Release|Any CPU
	EndGlobalSection
	GlobalSection(SolutionProperties) = preSolution
		HideSolutionNode = FALSE
	EndGlobalSection
	GlobalSection(ExtensibilityGlobals) = postSolution
		SolutionGuid = {DB866F53-7132-4BD9-96AE-0A372AD01E45}
	EndGlobalSection
EndGlobal
